
Microsoft Visual Studio Solution File, Format Version 12.00
# Visual Studio Version 16
VisualStudioVersion = 16.0.31424.327
MinimumVisualStudioVersion = 10.0.40219.1
Project("{FAE04EC0-301F-11D3-BF4B-00C04F79EFBC}") = "Lab1", "Lab1\Lab1.csproj", "{DB3B8317-246E-4457-A9D4-6F184F15C628}"
EndProject
Global
	GlobalSection(SolutionConfigurationPlatforms) = preSolution
		Debug|Any CPU = Debug|Any CPU
		Release|Any CPU = Release|Any CPU
	EndGlobalSection
	GlobalSection(ProjectConfigurationPlatforms) = postSolution
		{DB3B8317-246E-4457-A9D4-6F184F15C628}.Debug|Any CPU.ActiveCfg = Debug|Any CPU
		{DB3B8317-246E-4457-A9D4-6F184F15C628}.Debug|Any CPU.Build.0 = Debug|Any CPU
		{DB3B8317-246E-4457-A9D4-6F184F15C628}.Release|Any CPU.ActiveCfg = Release|Any CPU
		{DB3B8317-246E-4457-A9D4-6F184F15C628}.Release|Any CPU.Build.0 = Release|Any CPU
	EndGlobalSection
	GlobalSection(SolutionProperties) = preSolution
		HideSolutionNode = FALSE
	EndGlobalSection
	GlobalSection(ExtensibilityGlobals) = postSolution
		SolutionGuid = {FBAF4CF0-2E05-4FF9-844F-CB7E8A08D541}
	EndGlobalSection
EndGlobal
